
Microsoft Visual Studio Solution File, Format Version 12.00
# Visual Studio Version 16
VisualStudioVersion = 16.0.30804.86
MinimumVisualStudioVersion = 10.0.40219.1
Project("{9A19103F-16F7-4668-BE54-9A1E7A4F7556}") = "WebAPI", "WebAPI\WebAPI.csproj", "{38F52ABD-5BFF-47EC-9F16-6A5384EF0BF7}"
EndProject
Project("{FAE04EC0-301F-11D3-BF4B-00C04F79EFBC}") = "WebVentas", "WebVentas\WebVentas.csproj", "{BAE26055-5C2D-42C6-A2B2-76A3860B3B13}"
EndProject
Global
	GlobalSection(SolutionConfigurationPlatforms) = preSolution
		Debug|Any CPU = Debug|Any CPU
		Release|Any CPU = Release|Any CPU
	EndGlobalSection
	GlobalSection(ProjectConfigurationPlatforms) = postSolution
		{38F52ABD-5BFF-47EC-9F16-6A5384EF0BF7}.Debug|Any CPU.ActiveCfg = Debug|Any CPU
		{38F52ABD-5BFF-47EC-9F16-6A5384EF0BF7}.Debug|Any CPU.Build.0 = Debug|Any CPU
		{38F52ABD-5BFF-47EC-9F16-6A5384EF0BF7}.Release|Any CPU.ActiveCfg = Release|Any CPU
		{38F52ABD-5BFF-47EC-9F16-6A5384EF0BF7}.Release|Any CPU.Build.0 = Release|Any CPU
		{BAE26055-5C2D-42C6-A2B2-76A3860B3B13}.Debug|Any CPU.ActiveCfg = Debug|Any CPU
		{BAE26055-5C2D-42C6-A2B2-76A3860B3B13}.Debug|Any CPU.Build.0 = Debug|Any CPU
		{BAE26055-5C2D-42C6-A2B2-76A3860B3B13}.Release|Any CPU.ActiveCfg = Release|Any CPU
		{BAE26055-5C2D-42C6-A2B2-76A3860B3B13}.Release|Any CPU.Build.0 = Release|Any CPU
	EndGlobalSection
	GlobalSection(SolutionProperties) = preSolution
		HideSolutionNode = FALSE
	EndGlobalSection
	GlobalSection(ExtensibilityGlobals) = postSolution
		SolutionGuid = {5DFB2629-DDB0-479E-82E6-166858B2FDB9}
	EndGlobalSection
EndGlobal
